
Microsoft Visual Studio Solution File, Format Version 12.00
# Visual Studio 15
VisualStudioVersion = 15.0.27130.2027
MinimumVisualStudioVersion = 10.0.40219.1
Project("{FAE04EC0-301F-11D3-BF4B-00C04F79EFBC}") = "PosNetworkMonitor", "PosNetworkMonitor\PosNetworkMonitor.csproj", "{400029C0-550E-48CD-99EC-BE347B074553}"
EndProject
Global
	GlobalSection(SolutionConfigurationPlatforms) = preSolution
		Debug|Any CPU = Debug|Any CPU
		Release|Any CPU = Release|Any CPU
	EndGlobalSection
	GlobalSection(ProjectConfigurationPlatforms) = postSolution
		{400029C0-550E-48CD-99EC-BE347B074553}.Debug|Any CPU.ActiveCfg = Debug|Any CPU
		{400029C0-550E-48CD-99EC-BE347B074553}.Debug|Any CPU.Build.0 = Debug|Any CPU
		{400029C0-550E-48CD-99EC-BE347B074553}.Release|Any CPU.ActiveCfg = Release|Any CPU
		{400029C0-550E-48CD-99EC-BE347B074553}.Release|Any CPU.Build.0 = Release|Any CPU
	EndGlobalSection
	GlobalSection(SolutionProperties) = preSolution
		HideSolutionNode = FALSE
	EndGlobalSection
	GlobalSection(ExtensibilityGlobals) = postSolution
		SolutionGuid = {86920FE6-1D63-4408-BA77-00AE16A76523}
	EndGlobalSection
EndGlobal
